// !$*UTF8*$!
{
	archiveVersion = 1;
	classes = {
	};
	objectVersion = 50;
	objects = {

/* Begin PBXBuildFile section */
		D35824B623DFC31B00A4CBF3 /* AppDelegate.swift in Sources */ = {isa = PBXBuildFile; fileRef = D35824B523DFC31B00A4CBF3 /* AppDelegate.swift */; };
		D35824B823DFC31B00A4CBF3 /* SceneDelegate.swift in Sources */ = {isa = PBXBuildFile; fileRef = D35824B723DFC31B00A4CBF3 /* SceneDelegate.swift */; };
		D35824BA23DFC31B00A4CBF3 /* ContentView.swift in Sources */ = {isa = PBXBuildFile; fileRef = D35824B923DFC31B00A4CBF3 /* ContentView.swift */; };
		D35824BC23DFC32000A4CBF3 /* Assets.xcassets in Resources */ = {isa = PBXBuildFile; fileRef = D35824BB23DFC32000A4CBF3 /* Assets.xcassets */; };
		D35824BF23DFC32000A4CBF3 /* Preview Assets.xcassets in Resources */ = {isa = PBXBuildFile; fileRef = D35824BE23DFC32000A4CBF3 /* Preview Assets.xcassets */; };
		D35824C223DFC32000A4CBF3 /* LaunchScreen.storyboard in Resources */ = {isa = PBXBuildFile; fileRef = D35824C023DFC32000A4CBF3 /* LaunchScreen.storyboard */; };
		D35824CA23DFD35600A4CBF3 /* Task.swift in Sources */ = {isa = PBXBuildFile; fileRef = D35824C923DFD35600A4CBF3 /* Task.swift */; };
		D35824CD23DFD48400A4CBF3 /* TaskStore.swift in Sources */ = {isa = PBXBuildFile; fileRef = D35824CC23DFD48400A4CBF3 /* TaskStore.swift */; };
		D35824CF23DFE14C00A4CBF3 /* NewTaskView.swift in Sources */ = {isa = PBXBuildFile; fileRef = D35824CE23DFE14C00A4CBF3 /* NewTaskView.swift */; };
		D35824D623E3B15F00A4CBF3 /* RowView.swift in Sources */ = {isa = PBXBuildFile; fileRef = D35824D523E3B15F00A4CBF3 /* RowView.swift */; };
		D35824D823E51A2900A4CBF3 /* TaskEditingView.swift in Sources */ = {isa = PBXBuildFile; fileRef = D35824D723E51A2800A4CBF3 /* TaskEditingView.swift */; };
		D35824DE23E52FF200A4CBF3 /* IndexedCollection.swift in Sources */ = {isa = PBXBuildFile; fileRef = D35824DC23E52FF200A4CBF3 /* IndexedCollection.swift */; };
		D35824DF23E52FF200A4CBF3 /* ForEach.swift in Sources */ = {isa = PBXBuildFile; fileRef = D35824DD23E52FF200A4CBF3 /* ForEach.swift */; };
		D35824E123E536BA00A4CBF3 /* Task.Proirity.swift in Sources */ = {isa = PBXBuildFile; fileRef = D35824E023E536BA00A4CBF3 /* Task.Proirity.swift */; };
		D35824E323E5376D00A4CBF3 /* TaskStore.PrioritizedTasks.swift in Sources */ = {isa = PBXBuildFile; fileRef = D35824E223E5376D00A4CBF3 /* TaskStore.PrioritizedTasks.swift */; };
		D35824E523E53C5400A4CBF3 /* SectionView.swift in Sources */ = {isa = PBXBuildFile; fileRef = D35824E423E53C5400A4CBF3 /* SectionView.swift */; };
		D35824E723E5F5CE00A4CBF3 /* Binding.swift in Sources */ = {isa = PBXBuildFile; fileRef = D35824E623E5F5CD00A4CBF3 /* Binding.swift */; };
		D35824EA23E5FD1000A4CBF3 /* MDTasksStore.xcdatamodeld in Sources */ = {isa = PBXBuildFile; fileRef = D35824E823E5FD1000A4CBF3 /* MDTasksStore.xcdatamodeld */; };
/* End PBXBuildFile section */

/* Begin PBXFileReference section */
		D35824B223DFC31B00A4CBF3 /* Madi's To-Do.app */ = {isa = PBXFileReference; explicitFileType = wrapper.application; includeInIndex = 0; path = "Madi's To-Do.app"; sourceTree = BUILT_PRODUCTS_DIR; };
		D35824B523DFC31B00A4CBF3 /* AppDelegate.swift */ = {isa = PBXFileReference; lastKnownFileType = sourcecode.swift; path = AppDelegate.swift; sourceTree = "<group>"; };
		D35824B723DFC31B00A4CBF3 /* SceneDelegate.swift */ = {isa = PBXFileReference; lastKnownFileType = sourcecode.swift; path = SceneDelegate.swift; sourceTree = "<group>"; };
		D35824B923DFC31B00A4CBF3 /* ContentView.swift */ = {isa = PBXFileReference; lastKnownFileType = sourcecode.swift; path = ContentView.swift; sourceTree = "<group>"; };
		D35824BB23DFC32000A4CBF3 /* Assets.xcassets */ = {isa = PBXFileReference; lastKnownFileType = folder.assetcatalog; path = Assets.xcassets; sourceTree = "<group>"; };
		D35824BE23DFC32000A4CBF3 /* Preview Assets.xcassets */ = {isa = PBXFileReference; lastKnownFileType = folder.assetcatalog; path = "Preview Assets.xcassets"; sourceTree = "<group>"; };
		D35824C123DFC32000A4CBF3 /* Base */ = {isa = PBXFileReference; lastKnownFileType = file.storyboard; name = Base; path = Base.lproj/LaunchScreen.storyboard; sourceTree = "<group>"; };
		D35824C323DFC32000A4CBF3 /* Info.plist */ = {isa = PBXFileReference; lastKnownFileType = text.plist.xml; path = Info.plist; sourceTree = "<group>"; };
		D35824C923DFD35600A4CBF3 /* Task.swift */ = {isa = PBXFileReference; lastKnownFileType = sourcecode.swift; path = Task.swift; sourceTree = "<group>"; };
		D35824CC23DFD48400A4CBF3 /* TaskStore.swift */ = {isa = PBXFileReference; lastKnownFileType = sourcecode.swift; path = TaskStore.swift; sourceTree = "<group>"; };
		D35824CE23DFE14C00A4CBF3 /* NewTaskView.swift */ = {isa = PBXFileReference; lastKnownFileType = sourcecode.swift; path = NewTaskView.swift; sourceTree = "<group>"; };
		D35824D523E3B15F00A4CBF3 /* RowView.swift */ = {isa = PBXFileReference; lastKnownFileType = sourcecode.swift; path = RowView.swift; sourceTree = "<group>"; };
		D35824D723E51A2800A4CBF3 /* TaskEditingView.swift */ = {isa = PBXFileReference; lastKnownFileType = sourcecode.swift; path = TaskEditingView.swift; sourceTree = "<group>"; };
		D35824DC23E52FF200A4CBF3 /* IndexedCollection.swift */ = {isa = PBXFileReference; fileEncoding = 4; lastKnownFileType = sourcecode.swift; path = IndexedCollection.swift; sourceTree = "<group>"; };
		D35824DD23E52FF200A4CBF3 /* ForEach.swift */ = {isa = PBXFileReference; fileEncoding = 4; lastKnownFileType = sourcecode.swift; path = ForEach.swift; sourceTree = "<group>"; };
		D35824E023E536BA00A4CBF3 /* Task.Proirity.swift */ = {isa = PBXFileReference; lastKnownFileType = sourcecode.swift; path = Task.Proirity.swift; sourceTree = "<group>"; };
		D35824E223E5376D00A4CBF3 /* TaskStore.PrioritizedTasks.swift */ = {isa = PBXFileReference; lastKnownFileType = sourcecode.swift; path = TaskStore.PrioritizedTasks.swift; sourceTree = "<group>"; };
		D35824E423E53C5400A4CBF3 /* SectionView.swift */ = {isa = PBXFileReference; lastKnownFileType = sourcecode.swift; path = SectionView.swift; sourceTree = "<group>"; };
		D35824E623E5F5CD00A4CBF3 /* Binding.swift */ = {isa = PBXFileReference; fileEncoding = 4; lastKnownFileType = sourcecode.swift; path = Binding.swift; sourceTree = "<group>"; };
		D35824E923E5FD1000A4CBF3 /* MDTask.xcdatamodel */ = {isa = PBXFileReference; lastKnownFileType = wrapper.xcdatamodel; path = MDTask.xcdatamodel; sourceTree = "<group>"; };
/* End PBXFileReference section */

/* Begin PBXFrameworksBuildPhase section */
		D35824AF23DFC31B00A4CBF3 /* Frameworks */ = {
			isa = PBXFrameworksBuildPhase;
			buildActionMask = 2147483647;
			files = (
			);
			runOnlyForDeploymentPostprocessing = 0;
		};
/* End PBXFrameworksBuildPhase section */

/* Begin PBXGroup section */
		D35824A923DFC31B00A4CBF3 = {
			isa = PBXGroup;
			children = (
				D35824DB23E52FE300A4CBF3 /* extension */,
				D35824B423DFC31B00A4CBF3 /* Madi's To-Do */,
				D35824B323DFC31B00A4CBF3 /* Products */,
			);
			sourceTree = "<group>";
		};
		D35824B323DFC31B00A4CBF3 /* Products */ = {
			isa = PBXGroup;
			children = (
				D35824B223DFC31B00A4CBF3 /* Madi's To-Do.app */,
			);
			name = Products;
			sourceTree = "<group>";
		};
		D35824B423DFC31B00A4CBF3 /* Madi's To-Do */ = {
			isa = PBXGroup;
			children = (
				D35824B523DFC31B00A4CBF3 /* AppDelegate.swift */,
				D35824B723DFC31B00A4CBF3 /* SceneDelegate.swift */,
				D35824D023DFE16C00A4CBF3 /* Views */,
				D35824CB23DFD3BA00A4CBF3 /* Models */,
				D35824BB23DFC32000A4CBF3 /* Assets.xcassets */,
				D35824C023DFC32000A4CBF3 /* LaunchScreen.storyboard */,
				D35824C323DFC32000A4CBF3 /* Info.plist */,
				D35824BD23DFC32000A4CBF3 /* Preview Content */,
			);
			path = "Madi's To-Do";
			sourceTree = "<group>";
		};
		D35824BD23DFC32000A4CBF3 /* Preview Content */ = {
			isa = PBXGroup;
			children = (
				D35824BE23DFC32000A4CBF3 /* Preview Assets.xcassets */,
			);
			path = "Preview Content";
			sourceTree = "<group>";
		};
		D35824CB23DFD3BA00A4CBF3 /* Models */ = {
			isa = PBXGroup;
			children = (
				D35824C923DFD35600A4CBF3 /* Task.swift */,
				D35824E023E536BA00A4CBF3 /* Task.Proirity.swift */,
				D35824CC23DFD48400A4CBF3 /* TaskStore.swift */,
				D35824E823E5FD1000A4CBF3 /* MDTasksStore.xcdatamodeld */,
				D35824E223E5376D00A4CBF3 /* TaskStore.PrioritizedTasks.swift */,
			);
			path = Models;
			sourceTree = "<group>";
		};
		D35824D023DFE16C00A4CBF3 /* Views */ = {
			isa = PBXGroup;
			children = (
				D35824B923DFC31B00A4CBF3 /* ContentView.swift */,
				D35824E423E53C5400A4CBF3 /* SectionView.swift */,
				D35824D523E3B15F00A4CBF3 /* RowView.swift */,
				D35824CE23DFE14C00A4CBF3 /* NewTaskView.swift */,
				D35824D723E51A2800A4CBF3 /* TaskEditingView.swift */,
			);
			path = Views;
			sourceTree = "<group>";
		};
		D35824DB23E52FE300A4CBF3 /* extension */ = {
			isa = PBXGroup;
			children = (
				D35824DD23E52FF200A4CBF3 /* ForEach.swift */,
				D35824DC23E52FF200A4CBF3 /* IndexedCollection.swift */,
				D35824E623E5F5CD00A4CBF3 /* Binding.swift */,
			);
			path = extension;
			sourceTree = "<group>";
		};
/* End PBXGroup section */

/* Begin PBXNativeTarget section */
		D35824B123DFC31B00A4CBF3 /* Madi's To-Do */ = {
			isa = PBXNativeTarget;
			buildConfigurationList = D35824C623DFC32000A4CBF3 /* Build configuration list for PBXNativeTarget "Madi's To-Do" */;
			buildPhases = (
				D35824AE23DFC31B00A4CBF3 /* Sources */,
				D35824AF23DFC31B00A4CBF3 /* Frameworks */,
				D35824B023DFC31B00A4CBF3 /* Resources */,
			);
			buildRules = (
			);
			dependencies = (
			);
			name = "Madi's To-Do";
			productName = "Madi's To-Do";
			productReference = D35824B223DFC31B00A4CBF3 /* Madi's To-Do.app */;
			productType = "com.apple.product-type.application";
		};
/* End PBXNativeTarget section */

/* Begin PBXProject section */
		D35824AA23DFC31B00A4CBF3 /* Project object */ = {
			isa = PBXProject;
			attributes = {
				LastSwiftUpdateCheck = 1130;
				LastUpgradeCheck = 1130;
				ORGANIZATIONNAME = mcondie;
				TargetAttributes = {
					D35824B123DFC31B00A4CBF3 = {
						CreatedOnToolsVersion = 11.3.1;
					};
				};
			};
			buildConfigurationList = D35824AD23DFC31B00A4CBF3 /* Build configuration list for PBXProject "Madi's To-Do" */;
			compatibilityVersion = "Xcode 9.3";
			developmentRegion = en;
			hasScannedForEncodings = 0;
			knownRegions = (
				en,
				Base,
			);
			mainGroup = D35824A923DFC31B00A4CBF3;
			productRefGroup = D35824B323DFC31B00A4CBF3 /* Products */;
			projectDirPath = "";
			projectRoot = "";
			targets = (
				D35824B123DFC31B00A4CBF3 /* Madi's To-Do */,
			);
		};
/* End PBXProject section */

/* Begin PBXResourcesBuildPhase section */
		D35824B023DFC31B00A4CBF3 /* Resources */ = {
			isa = PBXResourcesBuildPhase;
			buildActionMask = 2147483647;
			files = (
				D35824C223DFC32000A4CBF3 /* LaunchScreen.storyboard in Resources */,
				D35824BF23DFC32000A4CBF3 /* Preview Assets.xcassets in Resources */,
				D35824BC23DFC32000A4CBF3 /* Assets.xcassets in Resources */,
			);
			runOnlyForDeploymentPostprocessing = 0;
		};
/* End PBXResourcesBuildPhase section */

/* Begin PBXSourcesBuildPhase section */
		D35824AE23DFC31B00A4CBF3 /* Sources */ = {
			isa = PBXSourcesBuildPhase;
			buildActionMask = 2147483647;
			files = (
				D35824E123E536BA00A4CBF3 /* Task.Proirity.swift in Sources */,
				D35824CD23DFD48400A4CBF3 /* TaskStore.swift in Sources */,
				D35824CA23DFD35600A4CBF3 /* Task.swift in Sources */,
				D35824E723E5F5CE00A4CBF3 /* Binding.swift in Sources */,
				D35824DE23E52FF200A4CBF3 /* IndexedCollection.swift in Sources */,
				D35824D823E51A2900A4CBF3 /* TaskEditingView.swift in Sources */,
				D35824D623E3B15F00A4CBF3 /* RowView.swift in Sources */,
				D35824EA23E5FD1000A4CBF3 /* MDTasksStore.xcdatamodeld in Sources */,
				D35824CF23DFE14C00A4CBF3 /* NewTaskView.swift in Sources */,
				D35824B623DFC31B00A4CBF3 /* AppDelegate.swift in Sources */,
				D35824E523E53C5400A4CBF3 /* SectionView.swift in Sources */,
				D35824E323E5376D00A4CBF3 /* TaskStore.PrioritizedTasks.swift in Sources */,
				D35824B823DFC31B00A4CBF3 /* SceneDelegate.swift in Sources */,
				D35824DF23E52FF200A4CBF3 /* ForEach.swift in Sources */,
				D35824BA23DFC31B00A4CBF3 /* ContentView.swift in Sources */,
			);
			runOnlyForDeploymentPostprocessing = 0;
		};
/* End PBXSourcesBuildPhase section */

/* Begin PBXVariantGroup section */
		D35824C023DFC32000A4CBF3 /* LaunchScreen.storyboard */ = {
			isa = PBXVariantGroup;
			children = (
				D35824C123DFC32000A4CBF3 /* Base */,
			);
			name = LaunchScreen.storyboard;
			sourceTree = "<group>";
		};
/* End PBXVariantGroup section */

/* Begin XCBuildConfiguration section */
		D35824C423DFC32000A4CBF3 /* Debug */ = {
			isa = XCBuildConfiguration;
			buildSettings = {
				ALWAYS_SEARCH_USER_PATHS = NO;
				CLANG_ANALYZER_NONNULL = YES;
				CLANG_ANALYZER_NUMBER_OBJECT_CONVERSION = YES_AGGRESSIVE;
				CLANG_CXX_LANGUAGE_STANDARD = "gnu++14";
				CLANG_CXX_LIBRARY = "libc++";
				CLANG_ENABLE_MODULES = YES;
				CLANG_ENABLE_OBJC_ARC = YES;
				CLANG_ENABLE_OBJC_WEAK = YES;
				CLANG_WARN_BLOCK_CAPTURE_AUTORELEASING = YES;
				CLANG_WARN_BOOL_CONVERSION = YES;
				CLANG_WARN_COMMA = YES;
				CLANG_WARN_CONSTANT_CONVERSION = YES;
				CLANG_WARN_DEPRECATED_OBJC_IMPLEMENTATIONS = YES;
				CLANG_WARN_DIRECT_OBJC_ISA_USAGE = YES_ERROR;
				CLANG_WARN_DOCUMENTATION_COMMENTS = YES;
				CLANG_WARN_EMPTY_BODY = YES;
				CLANG_WARN_ENUM_CONVERSION = YES;
				CLANG_WARN_INFINITE_RECURSION = YES;
				CLANG_WARN_INT_CONVERSION = YES;
				CLANG_WARN_NON_LITERAL_NULL_CONVERSION = YES;
				CLANG_WARN_OBJC_IMPLICIT_RETAIN_SELF = YES;
				CLANG_WARN_OBJC_LITERAL_CONVERSION = YES;
				CLANG_WARN_OBJC_ROOT_CLASS = YES_ERROR;
				CLANG_WARN_RANGE_LOOP_ANALYSIS = YES;
				CLANG_WARN_STRICT_PROTOTYPES = YES;
				CLANG_WARN_SUSPICIOUS_MOVE = YES;
				CLANG_WARN_UNGUARDED_AVAILABILITY = YES_AGGRESSIVE;
				CLANG_WARN_UNREACHABLE_CODE = YES;
				CLANG_WARN__DUPLICATE_METHOD_MATCH = YES;
				COPY_PHASE_STRIP = NO;
				DEBUG_INFORMATION_FORMAT = dwarf;
				ENABLE_STRICT_OBJC_MSGSEND = YES;
				ENABLE_TESTABILITY = YES;
				GCC_C_LANGUAGE_STANDARD = gnu11;
				GCC_DYNAMIC_NO_PIC = NO;
				GCC_NO_COMMON_BLOCKS = YES;
				GCC_OPTIMIZATION_LEVEL = 0;
				GCC_PREPROCESSOR_DEFINITIONS = (
					"DEBUG=1",
					"$(inherited)",
				);
				GCC_WARN_64_TO_32_BIT_CONVERSION = YES;
				GCC_WARN_ABOUT_RETURN_TYPE = YES_ERROR;
				GCC_WARN_UNDECLARED_SELECTOR = YES;
				GCC_WARN_UNINITIALIZED_AUTOS = YES_AGGRESSIVE;
				GCC_WARN_UNUSED_FUNCTION = YES;
				GCC_WARN_UNUSED_VARIABLE = YES;
				IPHONEOS_DEPLOYMENT_TARGET = 13.2;
				MTL_ENABLE_DEBUG_INFO = INCLUDE_SOURCE;
				MTL_FAST_MATH = YES;
				ONLY_ACTIVE_ARCH = YES;
				SDKROOT = iphoneos;
				SWIFT_ACTIVE_COMPILATION_CONDITIONS = DEBUG;
				SWIFT_OPTIMIZATION_LEVEL = "-Onone";
			};
			name = Debug;
		};
		D35824C523DFC32000A4CBF3 /* Release */ = {
			isa = XCBuildConfiguration;
			buildSettings = {
				ALWAYS_SEARCH_USER_PATHS = NO;
				CLANG_ANALYZER_NONNULL = YES;
				CLANG_ANALYZER_NUMBER_OBJECT_CONVERSION = YES_AGGRESSIVE;
				CLANG_CXX_LANGUAGE_STANDARD = "gnu++14";
				CLANG_CXX_LIBRARY = "libc++";
				CLANG_ENABLE_MODULES = YES;
				CLANG_ENABLE_OBJC_ARC = YES;
				CLANG_ENABLE_OBJC_WEAK = YES;
				CLANG_WARN_BLOCK_CAPTURE_AUTORELEASING = YES;
				CLANG_WARN_BOOL_CONVERSION = YES;
				CLANG_WARN_COMMA = YES;
				CLANG_WARN_CONSTANT_CONVERSION = YES;
				CLANG_WARN_DEPRECATED_OBJC_IMPLEMENTATIONS = YES;
				CLANG_WARN_DIRECT_OBJC_ISA_USAGE = YES_ERROR;
				CLANG_WARN_DOCUMENTATION_COMMENTS = YES;
				CLANG_WARN_EMPTY_BODY = YES;
				CLANG_WARN_ENUM_CONVERSION = YES;
				CLANG_WARN_INFINITE_RECURSION = YES;
				CLANG_WARN_INT_CONVERSION = YES;
				CLANG_WARN_NON_LITERAL_NULL_CONVERSION = YES;
				CLANG_WARN_OBJC_IMPLICIT_RETAIN_SELF = YES;
				CLANG_WARN_OBJC_LITERAL_CONVERSION = YES;
				CLANG_WARN_OBJC_ROOT_CLASS = YES_ERROR;
				CLANG_WARN_RANGE_LOOP_ANALYSIS = YES;
				CLANG_WARN_STRICT_PROTOTYPES = YES;
				CLANG_WARN_SUSPICIOUS_MOVE = YES;
				CLANG_WARN_UNGUARDED_AVAILABILITY = YES_AGGRESSIVE;
				CLANG_WARN_UNREACHABLE_CODE = YES;
				CLANG_WARN__DUPLICATE_METHOD_MATCH = YES;
				COPY_PHASE_STRIP = NO;
				DEBUG_INFORMATION_FORMAT = "dwarf-with-dsym";
				ENABLE_NS_ASSERTIONS = NO;
				ENABLE_STRICT_OBJC_MSGSEND = YES;
				GCC_C_LANGUAGE_STANDARD = gnu11;
				GCC_NO_COMMON_BLOCKS = YES;
				GCC_WARN_64_TO_32_BIT_CONVERSION = YES;
				GCC_WARN_ABOUT_RETURN_TYPE = YES_ERROR;
				GCC_WARN_UNDECLARED_SELECTOR = YES;
				GCC_WARN_UNINITIALIZED_AUTOS = YES_AGGRESSIVE;
				GCC_WARN_UNUSED_FUNCTION = YES;
				GCC_WARN_UNUSED_VARIABLE = YES;
				IPHONEOS_DEPLOYMENT_TARGET = 13.2;
				MTL_ENABLE_DEBUG_INFO = NO;
				MTL_FAST_MATH = YES;
				SDKROOT = iphoneos;
				SWIFT_COMPILATION_MODE = wholemodule;
				SWIFT_OPTIMIZATION_LEVEL = "-O";
				VALIDATE_PRODUCT = YES;
			};
			name = Release;
		};
		D35824C723DFC32000A4CBF3 /* Debug */ = {
			isa = XCBuildConfiguration;
			buildSettings = {
				ASSETCATALOG_COMPILER_APPICON_NAME = AppIcon;
				CODE_SIGN_STYLE = Automatic;
				DEVELOPMENT_ASSET_PATHS = "\"Madi's To-Do/Preview Content\"";
				DEVELOPMENT_TEAM = GM4YFVDQC7;
				ENABLE_PREVIEWS = YES;
				INFOPLIST_FILE = "Madi's To-Do/Info.plist";
				LD_RUNPATH_SEARCH_PATHS = (
					"$(inherited)",
					"@executable_path/Frameworks",
				);
				PRODUCT_BUNDLE_IDENTIFIER = "com.mcondie.Madi-s-To-Do";
				PRODUCT_NAME = "$(TARGET_NAME)";
				SWIFT_VERSION = 5.0;
				TARGETED_DEVICE_FAMILY = "1,2";
			};
			name = Debug;
		};
		D35824C823DFC32000A4CBF3 /* Release */ = {
			isa = XCBuildConfiguration;
			buildSettings = {
				ASSETCATALOG_COMPILER_APPICON_NAME = AppIcon;
				CODE_SIGN_STYLE = Automatic;
				DEVELOPMENT_ASSET_PATHS = "\"Madi's To-Do/Preview Content\"";
				DEVELOPMENT_TEAM = GM4YFVDQC7;
				ENABLE_PREVIEWS = YES;
				INFOPLIST_FILE = "Madi's To-Do/Info.plist";
				LD_RUNPATH_SEARCH_PATHS = (
					"$(inherited)",
					"@executable_path/Frameworks",
				);
				PRODUCT_BUNDLE_IDENTIFIER = "com.mcondie.Madi-s-To-Do";
				PRODUCT_NAME = "$(TARGET_NAME)";
				SWIFT_VERSION = 5.0;
				TARGETED_DEVICE_FAMILY = "1,2";
			};
			name = Release;
		};
/* End XCBuildConfiguration section */

/* Begin XCConfigurationList section */
		D35824AD23DFC31B00A4CBF3 /* Build configuration list for PBXProject "Madi's To-Do" */ = {
			isa = XCConfigurationList;
			buildConfigurations = (
				D35824C423DFC32000A4CBF3 /* Debug */,
				D35824C523DFC32000A4CBF3 /* Release */,
			);
			defaultConfigurationIsVisible = 0;
			defaultConfigurationName = Release;
		};
		D35824C623DFC32000A4CBF3 /* Build configuration list for PBXNativeTarget "Madi's To-Do" */ = {
			isa = XCConfigurationList;
			buildConfigurations = (
				D35824C723DFC32000A4CBF3 /* Debug */,
				D35824C823DFC32000A4CBF3 /* Release */,
			);
			defaultConfigurationIsVisible = 0;
			defaultConfigurationName = Release;
		};
/* End XCConfigurationList section */

/* Begin XCVersionGroup section */
		D35824E823E5FD1000A4CBF3 /* MDTasksStore.xcdatamodeld */ = {
			isa = XCVersionGroup;
			children = (
				D35824E923E5FD1000A4CBF3 /* MDTask.xcdatamodel */,
			);
			currentVersion = D35824E923E5FD1000A4CBF3 /* MDTask.xcdatamodel */;
			path = MDTasksStore.xcdatamodeld;
			sourceTree = "<group>";
			versionGroupType = wrapper.xcdatamodel;
		};
/* End XCVersionGroup section */
	};
	rootObject = D35824AA23DFC31B00A4CBF3 /* Project object */;
}
